// !$*UTF8*$!
{
	archiveVersion = 1;
	classes = {
	};
	objectVersion = 56;
	objects = {

/* Begin PBXBuildFile section */
		71AF6EEE2C223CA0001EF3BC /* FromEKBCitySwiftUIApp.swift in Sources */ = {isa = PBXBuildFile; fileRef = 71AF6EED2C223CA0001EF3BC /* FromEKBCitySwiftUIApp.swift */; };
		71AF6EF02C223CA0001EF3BC /* LazyGridView.swift in Sources */ = {isa = PBXBuildFile; fileRef = 71AF6EEF2C223CA0001EF3BC /* LazyGridView.swift */; };
		71AF6EF22C223CA2001EF3BC /* Assets.xcassets in Resources */ = {isa = PBXBuildFile; fileRef = 71AF6EF12C223CA2001EF3BC /* Assets.xcassets */; };
		71AF6EF52C223CA2001EF3BC /* Preview Assets.xcassets in Resources */ = {isa = PBXBuildFile; fileRef = 71AF6EF42C223CA2001EF3BC /* Preview Assets.xcassets */; };
		71AF6EFC2C223ED5001EF3BC /* ViewModel.swift in Sources */ = {isa = PBXBuildFile; fileRef = 71AF6EFB2C223ED5001EF3BC /* ViewModel.swift */; };
		71AF6EFE2C223EE6001EF3BC /* DownloadManager.swift in Sources */ = {isa = PBXBuildFile; fileRef = 71AF6EFD2C223EE6001EF3BC /* DownloadManager.swift */; };
		71AF6F062C229670001EF3BC /* AsyncImageCache.swift in Sources */ = {isa = PBXBuildFile; fileRef = 71AF6F052C229670001EF3BC /* AsyncImageCache.swift */; };
		71AF6F082C229A04001EF3BC /* ImageView.swift in Sources */ = {isa = PBXBuildFile; fileRef = 71AF6F072C229A04001EF3BC /* ImageView.swift */; };
/* End PBXBuildFile section */

/* Begin PBXFileReference section */
		71AF6EEA2C223CA0001EF3BC /* FromEKBCitySwiftUI.app */ = {isa = PBXFileReference; explicitFileType = wrapper.application; includeInIndex = 0; path = FromEKBCitySwiftUI.app; sourceTree = BUILT_PRODUCTS_DIR; };
		71AF6EED2C223CA0001EF3BC /* FromEKBCitySwiftUIApp.swift */ = {isa = PBXFileReference; lastKnownFileType = sourcecode.swift; path = FromEKBCitySwiftUIApp.swift; sourceTree = "<group>"; };
		71AF6EEF2C223CA0001EF3BC /* LazyGridView.swift */ = {isa = PBXFileReference; lastKnownFileType = sourcecode.swift; path = LazyGridView.swift; sourceTree = "<group>"; };
		71AF6EF12C223CA2001EF3BC /* Assets.xcassets */ = {isa = PBXFileReference; lastKnownFileType = folder.assetcatalog; path = Assets.xcassets; sourceTree = "<group>"; };
		71AF6EF42C223CA2001EF3BC /* Preview Assets.xcassets */ = {isa = PBXFileReference; lastKnownFileType = folder.assetcatalog; path = "Preview Assets.xcassets"; sourceTree = "<group>"; };
		71AF6EFB2C223ED5001EF3BC /* ViewModel.swift */ = {isa = PBXFileReference; lastKnownFileType = sourcecode.swift; path = ViewModel.swift; sourceTree = "<group>"; };
		71AF6EFD2C223EE6001EF3BC /* DownloadManager.swift */ = {isa = PBXFileReference; lastKnownFileType = sourcecode.swift; path = DownloadManager.swift; sourceTree = "<group>"; };
		71AF6F052C229670001EF3BC /* AsyncImageCache.swift */ = {isa = PBXFileReference; lastKnownFileType = sourcecode.swift; path = AsyncImageCache.swift; sourceTree = "<group>"; };
		71AF6F072C229A04001EF3BC /* ImageView.swift */ = {isa = PBXFileReference; lastKnownFileType = sourcecode.swift; path = ImageView.swift; sourceTree = "<group>"; };
/* End PBXFileReference section */

/* Begin PBXFrameworksBuildPhase section */
		71AF6EE72C223CA0001EF3BC /* Frameworks */ = {
			isa = PBXFrameworksBuildPhase;
			buildActionMask = 2147483647;
			files = (
			);
			runOnlyForDeploymentPostprocessing = 0;
		};
/* End PBXFrameworksBuildPhase section */

/* Begin PBXGroup section */
		71AF6EE12C223CA0001EF3BC = {
			isa = PBXGroup;
			children = (
				71AF6EEC2C223CA0001EF3BC /* FromEKBCitySwiftUI */,
				71AF6EEB2C223CA0001EF3BC /* Products */,
			);
			sourceTree = "<group>";
		};
		71AF6EEB2C223CA0001EF3BC /* Products */ = {
			isa = PBXGroup;
			children = (
				71AF6EEA2C223CA0001EF3BC /* FromEKBCitySwiftUI.app */,
			);
			name = Products;
			sourceTree = "<group>";
		};
		71AF6EEC2C223CA0001EF3BC /* FromEKBCitySwiftUI */ = {
			isa = PBXGroup;
			children = (
				71AF6F0B2C22A3F7001EF3BC /* Managers */,
				71AF6F0A2C22A3E8001EF3BC /* View */,
				71AF6F092C22A3DA001EF3BC /* ViewModels */,
				71AF6EED2C223CA0001EF3BC /* FromEKBCitySwiftUIApp.swift */,
				71AF6EF12C223CA2001EF3BC /* Assets.xcassets */,
				71AF6EF32C223CA2001EF3BC /* Preview Content */,
			);
			path = FromEKBCitySwiftUI;
			sourceTree = "<group>";
		};
		71AF6EF32C223CA2001EF3BC /* Preview Content */ = {
			isa = PBXGroup;
			children = (
				71AF6EF42C223CA2001EF3BC /* Preview Assets.xcassets */,
			);
			path = "Preview Content";
			sourceTree = "<group>";
		};
		71AF6F092C22A3DA001EF3BC /* ViewModels */ = {
			isa = PBXGroup;
			children = (
				71AF6EFB2C223ED5001EF3BC /* ViewModel.swift */,
			);
			path = ViewModels;
			sourceTree = "<group>";
		};
		71AF6F0A2C22A3E8001EF3BC /* View */ = {
			isa = PBXGroup;
			children = (
				71AF6EEF2C223CA0001EF3BC /* LazyGridView.swift */,
				71AF6F072C229A04001EF3BC /* ImageView.swift */,
			);
			path = View;
			sourceTree = "<group>";
		};
		71AF6F0B2C22A3F7001EF3BC /* Managers */ = {
			isa = PBXGroup;
			children = (
				71AF6EFD2C223EE6001EF3BC /* DownloadManager.swift */,
				71AF6F052C229670001EF3BC /* AsyncImageCache.swift */,
			);
			path = Managers;
			sourceTree = "<group>";
		};
/* End PBXGroup section */

/* Begin PBXNativeTarget section */
		71AF6EE92C223CA0001EF3BC /* FromEKBCitySwiftUI */ = {
			isa = PBXNativeTarget;
			buildConfigurationList = 71AF6EF82C223CA2001EF3BC /* Build configuration list for PBXNativeTarget "FromEKBCitySwiftUI" */;
			buildPhases = (
				71AF6EE62C223CA0001EF3BC /* Sources */,
				71AF6EE72C223CA0001EF3BC /* Frameworks */,
				71AF6EE82C223CA0001EF3BC /* Resources */,
			);
			buildRules = (
			);
			dependencies = (
			);
			name = FromEKBCitySwiftUI;
			productName = FromEKBCitySwiftUI;
			productReference = 71AF6EEA2C223CA0001EF3BC /* FromEKBCitySwiftUI.app */;
			productType = "com.apple.product-type.application";
		};
/* End PBXNativeTarget section */

/* Begin PBXProject section */
		71AF6EE22C223CA0001EF3BC /* Project object */ = {
			isa = PBXProject;
			attributes = {
				BuildIndependentTargetsInParallel = 1;
				LastSwiftUpdateCheck = 1540;
				LastUpgradeCheck = 1540;
				TargetAttributes = {
					71AF6EE92C223CA0001EF3BC = {
						CreatedOnToolsVersion = 15.4;
					};
				};
			};
			buildConfigurationList = 71AF6EE52C223CA0001EF3BC /* Build configuration list for PBXProject "FromEKBCitySwiftUI" */;
			compatibilityVersion = "Xcode 14.0";
			developmentRegion = en;
			hasScannedForEncodings = 0;
			knownRegions = (
				en,
				Base,
			);
			mainGroup = 71AF6EE12C223CA0001EF3BC;
			productRefGroup = 71AF6EEB2C223CA0001EF3BC /* Products */;
			projectDirPath = "";
			projectRoot = "";
			targets = (
				71AF6EE92C223CA0001EF3BC /* FromEKBCitySwiftUI */,
			);
		};
/* End PBXProject section */

/* Begin PBXResourcesBuildPhase section */
		71AF6EE82C223CA0001EF3BC /* Resources */ = {
			isa = PBXResourcesBuildPhase;
			buildActionMask = 2147483647;
			files = (
				71AF6EF52C223CA2001EF3BC /* Preview Assets.xcassets in Resources */,
				71AF6EF22C223CA2001EF3BC /* Assets.xcassets in Resources */,
			);
			runOnlyForDeploymentPostprocessing = 0;
		};
/* End PBXResourcesBuildPhase section */

/* Begin PBXSourcesBuildPhase section */
		71AF6EE62C223CA0001EF3BC /* Sources */ = {
			isa = PBXSourcesBuildPhase;
			buildActionMask = 2147483647;
			files = (
				71AF6F082C229A04001EF3BC /* ImageView.swift in Sources */,
				71AF6F062C229670001EF3BC /* AsyncImageCache.swift in Sources */,
				71AF6EF02C223CA0001EF3BC /* LazyGridView.swift in Sources */,
				71AF6EFE2C223EE6001EF3BC /* DownloadManager.swift in Sources */,
				71AF6EFC2C223ED5001EF3BC /* ViewModel.swift in Sources */,
				71AF6EEE2C223CA0001EF3BC /* FromEKBCitySwiftUIApp.swift in Sources */,
			);
			runOnlyForDeploymentPostprocessing = 0;
		};
/* End PBXSourcesBuildPhase section */

/* Begin XCBuildConfiguration section */
		71AF6EF62C223CA2001EF3BC /* Debug */ = {
			isa = XCBuildConfiguration;
			buildSettings = {
				ALWAYS_SEARCH_USER_PATHS = NO;
				ASSETCATALOG_COMPILER_GENERATE_SWIFT_ASSET_SYMBOL_EXTENSIONS = YES;
				CLANG_ANALYZER_NONNULL = YES;
				CLANG_ANALYZER_NUMBER_OBJECT_CONVERSION = YES_AGGRESSIVE;
				CLANG_CXX_LANGUAGE_STANDARD = "gnu++20";
				CLANG_ENABLE_MODULES = YES;
				CLANG_ENABLE_OBJC_ARC = YES;
				CLANG_ENABLE_OBJC_WEAK = YES;
				CLANG_WARN_BLOCK_CAPTURE_AUTORELEASING = YES;
				CLANG_WARN_BOOL_CONVERSION = YES;
				CLANG_WARN_COMMA = YES;
				CLANG_WARN_CONSTANT_CONVERSION = YES;
				CLANG_WARN_DEPRECATED_OBJC_IMPLEMENTATIONS = YES;
				CLANG_WARN_DIRECT_OBJC_ISA_USAGE = YES_ERROR;
				CLANG_WARN_DOCUMENTATION_COMMENTS = YES;
				CLANG_WARN_EMPTY_BODY = YES;
				CLANG_WARN_ENUM_CONVERSION = YES;
				CLANG_WARN_INFINITE_RECURSION = YES;
				CLANG_WARN_INT_CONVERSION = YES;
				CLANG_WARN_NON_LITERAL_NULL_CONVERSION = YES;
				CLANG_WARN_OBJC_IMPLICIT_RETAIN_SELF = YES;
				CLANG_WARN_OBJC_LITERAL_CONVERSION = YES;
				CLANG_WARN_OBJC_ROOT_CLASS = YES_ERROR;
				CLANG_WARN_QUOTED_INCLUDE_IN_FRAMEWORK_HEADER = YES;
				CLANG_WARN_RANGE_LOOP_ANALYSIS = YES;
				CLANG_WARN_STRICT_PROTOTYPES = YES;
				CLANG_WARN_SUSPICIOUS_MOVE = YES;
				CLANG_WARN_UNGUARDED_AVAILABILITY = YES_AGGRESSIVE;
				CLANG_WARN_UNREACHABLE_CODE = YES;
				CLANG_WARN__DUPLICATE_METHOD_MATCH = YES;
				COPY_PHASE_STRIP = NO;
				DEBUG_INFORMATION_FORMAT = dwarf;
				ENABLE_STRICT_OBJC_MSGSEND = YES;
				ENABLE_TESTABILITY = YES;
				ENABLE_USER_SCRIPT_SANDBOXING = YES;
				GCC_C_LANGUAGE_STANDARD = gnu17;
				GCC_DYNAMIC_NO_PIC = NO;
				GCC_NO_COMMON_BLOCKS = YES;
				GCC_OPTIMIZATION_LEVEL = 0;
				GCC_PREPROCESSOR_DEFINITIONS = (
					"DEBUG=1",
					"$(inherited)",
				);
				GCC_WARN_64_TO_32_BIT_CONVERSION = YES;
				GCC_WARN_ABOUT_RETURN_TYPE = YES_ERROR;
				GCC_WARN_UNDECLARED_SELECTOR = YES;
				GCC_WARN_UNINITIALIZED_AUTOS = YES_AGGRESSIVE;
				GCC_WARN_UNUSED_FUNCTION = YES;
				GCC_WARN_UNUSED_VARIABLE = YES;
				IPHONEOS_DEPLOYMENT_TARGET = 17.5;
				LOCALIZATION_PREFERS_STRING_CATALOGS = YES;
				MTL_ENABLE_DEBUG_INFO = INCLUDE_SOURCE;
				MTL_FAST_MATH = YES;
				ONLY_ACTIVE_ARCH = YES;
				SDKROOT = iphoneos;
				SWIFT_ACTIVE_COMPILATION_CONDITIONS = "DEBUG $(inherited)";
				SWIFT_OPTIMIZATION_LEVEL = "-Onone";
			};
			name = Debug;
		};
		71AF6EF72C223CA2001EF3BC /* Release */ = {
			isa = XCBuildConfiguration;
			buildSettings = {
				ALWAYS_SEARCH_USER_PATHS = NO;
				ASSETCATALOG_COMPILER_GENERATE_SWIFT_ASSET_SYMBOL_EXTENSIONS = YES;
				CLANG_ANALYZER_NONNULL = YES;
				CLANG_ANALYZER_NUMBER_OBJECT_CONVERSION = YES_AGGRESSIVE;
				CLANG_CXX_LANGUAGE_STANDARD = "gnu++20";
				CLANG_ENABLE_MODULES = YES;
				CLANG_ENABLE_OBJC_ARC = YES;
				CLANG_ENABLE_OBJC_WEAK = YES;
				CLANG_WARN_BLOCK_CAPTURE_AUTORELEASING = YES;
				CLANG_WARN_BOOL_CONVERSION = YES;
				CLANG_WARN_COMMA = YES;
				CLANG_WARN_CONSTANT_CONVERSION = YES;
				CLANG_WARN_DEPRECATED_OBJC_IMPLEMENTATIONS = YES;
				CLANG_WARN_DIRECT_OBJC_ISA_USAGE = YES_ERROR;
				CLANG_WARN_DOCUMENTATION_COMMENTS = YES;
				CLANG_WARN_EMPTY_BODY = YES;
				CLANG_WARN_ENUM_CONVERSION = YES;
				CLANG_WARN_INFINITE_RECURSION = YES;
				CLANG_WARN_INT_CONVERSION = YES;
				CLANG_WARN_NON_LITERAL_NULL_CONVERSION = YES;
				CLANG_WARN_OBJC_IMPLICIT_RETAIN_SELF = YES;
				CLANG_WARN_OBJC_LITERAL_CONVERSION = YES;
				CLANG_WARN_OBJC_ROOT_CLASS = YES_ERROR;
				CLANG_WARN_QUOTED_INCLUDE_IN_FRAMEWORK_HEADER = YES;
				CLANG_WARN_RANGE_LOOP_ANALYSIS = YES;
				CLANG_WARN_STRICT_PROTOTYPES = YES;
				CLANG_WARN_SUSPICIOUS_MOVE = YES;
				CLANG_WARN_UNGUARDED_AVAILABILITY = YES_AGGRESSIVE;
				CLANG_WARN_UNREACHABLE_CODE = YES;
				CLANG_WARN__DUPLICATE_METHOD_MATCH = YES;
				COPY_PHASE_STRIP = NO;
				DEBUG_INFORMATION_FORMAT = "dwarf-with-dsym";
				ENABLE_NS_ASSERTIONS = NO;
				ENABLE_STRICT_OBJC_MSGSEND = YES;
				ENABLE_USER_SCRIPT_SANDBOXING = YES;
				GCC_C_LANGUAGE_STANDARD = gnu17;
				GCC_NO_COMMON_BLOCKS = YES;
				GCC_WARN_64_TO_32_BIT_CONVERSION = YES;
				GCC_WARN_ABOUT_RETURN_TYPE = YES_ERROR;
				GCC_WARN_UNDECLARED_SELECTOR = YES;
				GCC_WARN_UNINITIALIZED_AUTOS = YES_AGGRESSIVE;
				GCC_WARN_UNUSED_FUNCTION = YES;
				GCC_WARN_UNUSED_VARIABLE = YES;
				IPHONEOS_DEPLOYMENT_TARGET = 17.5;
				LOCALIZATION_PREFERS_STRING_CATALOGS = YES;
				MTL_ENABLE_DEBUG_INFO = NO;
				MTL_FAST_MATH = YES;
				SDKROOT = iphoneos;
				SWIFT_COMPILATION_MODE = wholemodule;
				VALIDATE_PRODUCT = YES;
			};
			name = Release;
		};
		71AF6EF92C223CA2001EF3BC /* Debug */ = {
			isa = XCBuildConfiguration;
			buildSettings = {
				ASSETCATALOG_COMPILER_APPICON_NAME = AppIcon;
				ASSETCATALOG_COMPILER_GLOBAL_ACCENT_COLOR_NAME = AccentColor;
				CODE_SIGN_STYLE = Automatic;
				CURRENT_PROJECT_VERSION = 1;
				DEVELOPMENT_ASSET_PATHS = "\"FromEKBCitySwiftUI/Preview Content\"";
				DEVELOPMENT_TEAM = GBV3J46D65;
				ENABLE_PREVIEWS = YES;
				GENERATE_INFOPLIST_FILE = YES;
				INFOPLIST_KEY_UIApplicationSceneManifest_Generation = YES;
				INFOPLIST_KEY_UIApplicationSupportsIndirectInputEvents = YES;
				INFOPLIST_KEY_UILaunchScreen_Generation = YES;
				INFOPLIST_KEY_UISupportedInterfaceOrientations_iPad = "UIInterfaceOrientationPortrait UIInterfaceOrientationPortraitUpsideDown UIInterfaceOrientationLandscapeLeft UIInterfaceOrientationLandscapeRight";
				INFOPLIST_KEY_UISupportedInterfaceOrientations_iPhone = "UIInterfaceOrientationPortrait UIInterfaceOrientationLandscapeLeft UIInterfaceOrientationLandscapeRight";
				LD_RUNPATH_SEARCH_PATHS = (
					"$(inherited)",
					"@executable_path/Frameworks",
				);
				MARKETING_VERSION = 1.0;
				PRODUCT_BUNDLE_IDENTIFIER = com.FanilJr.FromEKBCitySwiftUI;
				PRODUCT_NAME = "$(TARGET_NAME)";
				SWIFT_EMIT_LOC_STRINGS = YES;
				SWIFT_VERSION = 5.0;
				TARGETED_DEVICE_FAMILY = "1,2";
			};
			name = Debug;
		};
		71AF6EFA2C223CA2001EF3BC /* Release */ = {
			isa = XCBuildConfiguration;
			buildSettings = {
				ASSETCATALOG_COMPILER_APPICON_NAME = AppIcon;
				ASSETCATALOG_COMPILER_GLOBAL_ACCENT_COLOR_NAME = AccentColor;
				CODE_SIGN_STYLE = Automatic;
				CURRENT_PROJECT_VERSION = 1;
				DEVELOPMENT_ASSET_PATHS = "\"FromEKBCitySwiftUI/Preview Content\"";
				DEVELOPMENT_TEAM = GBV3J46D65;
				ENABLE_PREVIEWS = YES;
				GENERATE_INFOPLIST_FILE = YES;
				INFOPLIST_KEY_UIApplicationSceneManifest_Generation = YES;
				INFOPLIST_KEY_UIApplicationSupportsIndirectInputEvents = YES;
				INFOPLIST_KEY_UILaunchScreen_Generation = YES;
				INFOPLIST_KEY_UISupportedInterfaceOrientations_iPad = "UIInterfaceOrientationPortrait UIInterfaceOrientationPortraitUpsideDown UIInterfaceOrientationLandscapeLeft UIInterfaceOrientationLandscapeRight";
				INFOPLIST_KEY_UISupportedInterfaceOrientations_iPhone = "UIInterfaceOrientationPortrait UIInterfaceOrientationLandscapeLeft UIInterfaceOrientationLandscapeRight";
				LD_RUNPATH_SEARCH_PATHS = (
					"$(inherited)",
					"@executable_path/Frameworks",
				);
				MARKETING_VERSION = 1.0;
				PRODUCT_BUNDLE_IDENTIFIER = com.FanilJr.FromEKBCitySwiftUI;
				PRODUCT_NAME = "$(TARGET_NAME)";
				SWIFT_EMIT_LOC_STRINGS = YES;
				SWIFT_VERSION = 5.0;
				TARGETED_DEVICE_FAMILY = "1,2";
			};
			name = Release;
		};
/* End XCBuildConfiguration section */

/* Begin XCConfigurationList section */
		71AF6EE52C223CA0001EF3BC /* Build configuration list for PBXProject "FromEKBCitySwiftUI" */ = {
			isa = XCConfigurationList;
			buildConfigurations = (
				71AF6EF62C223CA2001EF3BC /* Debug */,
				71AF6EF72C223CA2001EF3BC /* Release */,
			);
			defaultConfigurationIsVisible = 0;
			defaultConfigurationName = Release;
		};
		71AF6EF82C223CA2001EF3BC /* Build configuration list for PBXNativeTarget "FromEKBCitySwiftUI" */ = {
			isa = XCConfigurationList;
			buildConfigurations = (
				71AF6EF92C223CA2001EF3BC /* Debug */,
				71AF6EFA2C223CA2001EF3BC /* Release */,
			);
			defaultConfigurationIsVisible = 0;
			defaultConfigurationName = Release;
		};
/* End XCConfigurationList section */
	};
	rootObject = 71AF6EE22C223CA0001EF3BC /* Project object */;
}
